// !$*UTF8*$!
{
	archiveVersion = 1;
	classes = {
	};
	objectVersion = 50;
	objects = {

/* Begin PBXBuildFile section */
		862BF89626C680C50050F7DE /* MonthPayApp.swift in Sources */ = {isa = PBXBuildFile; fileRef = 862BF89526C680C50050F7DE /* MonthPayApp.swift */; };
		862BF89826C680C50050F7DE /* ContentView.swift in Sources */ = {isa = PBXBuildFile; fileRef = 862BF89726C680C50050F7DE /* ContentView.swift */; };
		862BF89A26C680C60050F7DE /* Assets.xcassets in Resources */ = {isa = PBXBuildFile; fileRef = 862BF89926C680C60050F7DE /* Assets.xcassets */; };
		862BF89D26C680C60050F7DE /* Preview Assets.xcassets in Resources */ = {isa = PBXBuildFile; fileRef = 862BF89C26C680C60050F7DE /* Preview Assets.xcassets */; };
		862D8CC726C920C500AC6774 /* MonthBadge.swift in Sources */ = {isa = PBXBuildFile; fileRef = 862D8CC626C920C500AC6774 /* MonthBadge.swift */; };
		862D8CD026C9411200AC6774 /* BasicDuty.swift in Sources */ = {isa = PBXBuildFile; fileRef = 862D8CCF26C9411200AC6774 /* BasicDuty.swift */; };
		862E6E7C26CB2EC500B94922 /* CircleBadge.swift in Sources */ = {isa = PBXBuildFile; fileRef = 862E6E7B26CB2EC500B94922 /* CircleBadge.swift */; };
		862E6E7F26CB337100B94922 /* ContentData.swift in Sources */ = {isa = PBXBuildFile; fileRef = 862E6E7E26CB337100B94922 /* ContentData.swift */; };
		8630E9E626C7D8E700D239AF /* RowsInOneYear.swift in Sources */ = {isa = PBXBuildFile; fileRef = 8630E9E526C7D8E700D239AF /* RowsInOneYear.swift */; };
		8635D57626CB83C600B655AF /* DayIconBadge.swift in Sources */ = {isa = PBXBuildFile; fileRef = 8635D57526CB83C600B655AF /* DayIconBadge.swift */; };
		8635E1A026C9E28A004DBFF2 /* BagesData.swift in Sources */ = {isa = PBXBuildFile; fileRef = 8635E19F26C9E28A004DBFF2 /* BagesData.swift */; };
		8635E1A626CA062F004DBFF2 /* VacationLeave.swift in Sources */ = {isa = PBXBuildFile; fileRef = 8635E1A526CA062F004DBFF2 /* VacationLeave.swift */; };
		865B6A5326C8189500BDDA3F /* ModelData.swift in Sources */ = {isa = PBXBuildFile; fileRef = 865B6A5226C8189500BDDA3F /* ModelData.swift */; };
		865B6A5726C81A5600BDDA3F /* workJson.json in Resources */ = {isa = PBXBuildFile; fileRef = 865B6A5626C81A5600BDDA3F /* workJson.json */; };
		86B5DE0E26C7F873003D9A52 /* WorkPlanData.swift in Sources */ = {isa = PBXBuildFile; fileRef = 86B5DE0D26C7F873003D9A52 /* WorkPlanData.swift */; };
		86B5DE1526C80274003D9A52 /* ListForOneYear.swift in Sources */ = {isa = PBXBuildFile; fileRef = 86B5DE1426C80274003D9A52 /* ListForOneYear.swift */; };
/* End PBXBuildFile section */

/* Begin PBXFileReference section */
		862BF89226C680C50050F7DE /* MonthPay.app */ = {isa = PBXFileReference; explicitFileType = wrapper.application; includeInIndex = 0; path = MonthPay.app; sourceTree = BUILT_PRODUCTS_DIR; };
		862BF89526C680C50050F7DE /* MonthPayApp.swift */ = {isa = PBXFileReference; lastKnownFileType = sourcecode.swift; path = MonthPayApp.swift; sourceTree = "<group>"; };
		862BF89726C680C50050F7DE /* ContentView.swift */ = {isa = PBXFileReference; lastKnownFileType = sourcecode.swift; path = ContentView.swift; sourceTree = "<group>"; };
		862BF89926C680C60050F7DE /* Assets.xcassets */ = {isa = PBXFileReference; lastKnownFileType = folder.assetcatalog; path = Assets.xcassets; sourceTree = "<group>"; };
		862BF89C26C680C60050F7DE /* Preview Assets.xcassets */ = {isa = PBXFileReference; lastKnownFileType = folder.assetcatalog; path = "Preview Assets.xcassets"; sourceTree = "<group>"; };
		862BF89E26C680C60050F7DE /* Info.plist */ = {isa = PBXFileReference; lastKnownFileType = text.plist.xml; path = Info.plist; sourceTree = "<group>"; };
		862D8CC626C920C500AC6774 /* MonthBadge.swift */ = {isa = PBXFileReference; lastKnownFileType = sourcecode.swift; path = MonthBadge.swift; sourceTree = "<group>"; };
		862D8CCF26C9411200AC6774 /* BasicDuty.swift */ = {isa = PBXFileReference; lastKnownFileType = sourcecode.swift; path = BasicDuty.swift; sourceTree = "<group>"; };
		862E6E7B26CB2EC500B94922 /* CircleBadge.swift */ = {isa = PBXFileReference; lastKnownFileType = sourcecode.swift; path = CircleBadge.swift; sourceTree = "<group>"; };
		862E6E7E26CB337100B94922 /* ContentData.swift */ = {isa = PBXFileReference; lastKnownFileType = sourcecode.swift; path = ContentData.swift; sourceTree = "<group>"; };
		8630E9E526C7D8E700D239AF /* RowsInOneYear.swift */ = {isa = PBXFileReference; lastKnownFileType = sourcecode.swift; path = RowsInOneYear.swift; sourceTree = "<group>"; };
		8635D57526CB83C600B655AF /* DayIconBadge.swift */ = {isa = PBXFileReference; lastKnownFileType = sourcecode.swift; path = DayIconBadge.swift; sourceTree = "<group>"; };
		8635E19F26C9E28A004DBFF2 /* BagesData.swift */ = {isa = PBXFileReference; lastKnownFileType = sourcecode.swift; path = BagesData.swift; sourceTree = "<group>"; };
		8635E1A526CA062F004DBFF2 /* VacationLeave.swift */ = {isa = PBXFileReference; lastKnownFileType = sourcecode.swift; path = VacationLeave.swift; sourceTree = "<group>"; };
		865B6A5226C8189500BDDA3F /* ModelData.swift */ = {isa = PBXFileReference; lastKnownFileType = sourcecode.swift; path = ModelData.swift; sourceTree = "<group>"; };
		865B6A5626C81A5600BDDA3F /* workJson.json */ = {isa = PBXFileReference; lastKnownFileType = text.json; path = workJson.json; sourceTree = "<group>"; };
		86B5DE0D26C7F873003D9A52 /* WorkPlanData.swift */ = {isa = PBXFileReference; lastKnownFileType = sourcecode.swift; path = WorkPlanData.swift; sourceTree = "<group>"; };
		86B5DE1426C80274003D9A52 /* ListForOneYear.swift */ = {isa = PBXFileReference; lastKnownFileType = sourcecode.swift; path = ListForOneYear.swift; sourceTree = "<group>"; };
/* End PBXFileReference section */

/* Begin PBXFrameworksBuildPhase section */
		862BF88F26C680C50050F7DE /* Frameworks */ = {
			isa = PBXFrameworksBuildPhase;
			buildActionMask = 2147483647;
			files = (
			);
			runOnlyForDeploymentPostprocessing = 0;
		};
/* End PBXFrameworksBuildPhase section */

/* Begin PBXGroup section */
		862BF88926C680C50050F7DE = {
			isa = PBXGroup;
			children = (
				862BF89526C680C50050F7DE /* MonthPayApp.swift */,
				86B5DE0726C7F397003D9A52 /* Resource */,
				862BF8A526C680F50050F7DE /* Models */,
				8630E9E426C7D6B900D239AF /* Views */,
				862BF89926C680C60050F7DE /* Assets.xcassets */,
				862BF89E26C680C60050F7DE /* Info.plist */,
				862BF89B26C680C60050F7DE /* Preview Content */,
				862BF89326C680C50050F7DE /* Products */,
			);
			sourceTree = "<group>";
		};
		862BF89326C680C50050F7DE /* Products */ = {
			isa = PBXGroup;
			children = (
				862BF89226C680C50050F7DE /* MonthPay.app */,
			);
			name = Products;
			sourceTree = "<group>";
		};
		862BF89B26C680C60050F7DE /* Preview Content */ = {
			isa = PBXGroup;
			children = (
				862BF89C26C680C60050F7DE /* Preview Assets.xcassets */,
			);
			path = "Preview Content";
			sourceTree = "<group>";
		};
		862BF8A526C680F50050F7DE /* Models */ = {
			isa = PBXGroup;
			children = (
				86B5DE0D26C7F873003D9A52 /* WorkPlanData.swift */,
				865B6A5226C8189500BDDA3F /* ModelData.swift */,
				862E6E7E26CB337100B94922 /* ContentData.swift */,
			);
			path = Models;
			sourceTree = "<group>";
		};
		862D8CC026C91F7300AC6774 /* Badges */ = {
			isa = PBXGroup;
			children = (
				8635E19F26C9E28A004DBFF2 /* BagesData.swift */,
				862D8CCF26C9411200AC6774 /* BasicDuty.swift */,
				8635E1A526CA062F004DBFF2 /* VacationLeave.swift */,
				862D8CC626C920C500AC6774 /* MonthBadge.swift */,
				862E6E7B26CB2EC500B94922 /* CircleBadge.swift */,
				8635D57526CB83C600B655AF /* DayIconBadge.swift */,
			);
			path = Badges;
			sourceTree = "<group>";
		};
		8630E9E426C7D6B900D239AF /* Views */ = {
			isa = PBXGroup;
			children = (
				862BF89726C680C50050F7DE /* ContentView.swift */,
				862D8CC026C91F7300AC6774 /* Badges */,
				86B5DE1326C80171003D9A52 /* WorkYear */,
			);
			path = Views;
			sourceTree = "<group>";
		};
		86B5DE0726C7F397003D9A52 /* Resource */ = {
			isa = PBXGroup;
			children = (
				865B6A5626C81A5600BDDA3F /* workJson.json */,
			);
			path = Resource;
			sourceTree = "<group>";
		};
		86B5DE1326C80171003D9A52 /* WorkYear */ = {
			isa = PBXGroup;
			children = (
				86B5DE1426C80274003D9A52 /* ListForOneYear.swift */,
				8630E9E526C7D8E700D239AF /* RowsInOneYear.swift */,
			);
			path = WorkYear;
			sourceTree = "<group>";
		};
/* End PBXGroup section */

/* Begin PBXNativeTarget section */
		862BF89126C680C50050F7DE /* MonthPay */ = {
			isa = PBXNativeTarget;
			buildConfigurationList = 862BF8A126C680C60050F7DE /* Build configuration list for PBXNativeTarget "MonthPay" */;
			buildPhases = (
				862BF88E26C680C50050F7DE /* Sources */,
				862BF88F26C680C50050F7DE /* Frameworks */,
				862BF89026C680C50050F7DE /* Resources */,
			);
			buildRules = (
			);
			dependencies = (
			);
			name = MonthPay;
			productName = MonthPay;
			productReference = 862BF89226C680C50050F7DE /* MonthPay.app */;
			productType = "com.apple.product-type.application";
		};
/* End PBXNativeTarget section */

/* Begin PBXProject section */
		862BF88A26C680C50050F7DE /* Project object */ = {
			isa = PBXProject;
			attributes = {
				LastSwiftUpdateCheck = 1240;
				LastUpgradeCheck = 1240;
				TargetAttributes = {
					862BF89126C680C50050F7DE = {
						CreatedOnToolsVersion = 12.4;
					};
				};
			};
			buildConfigurationList = 862BF88D26C680C50050F7DE /* Build configuration list for PBXProject "MonthPay" */;
			compatibilityVersion = "Xcode 9.3";
			developmentRegion = en;
			hasScannedForEncodings = 0;
			knownRegions = (
				en,
				Base,
			);
			mainGroup = 862BF88926C680C50050F7DE;
			productRefGroup = 862BF89326C680C50050F7DE /* Products */;
			projectDirPath = "";
			projectRoot = "";
			targets = (
				862BF89126C680C50050F7DE /* MonthPay */,
			);
		};
/* End PBXProject section */

/* Begin PBXResourcesBuildPhase section */
		862BF89026C680C50050F7DE /* Resources */ = {
			isa = PBXResourcesBuildPhase;
			buildActionMask = 2147483647;
			files = (
				865B6A5726C81A5600BDDA3F /* workJson.json in Resources */,
				862BF89D26C680C60050F7DE /* Preview Assets.xcassets in Resources */,
				862BF89A26C680C60050F7DE /* Assets.xcassets in Resources */,
			);
			runOnlyForDeploymentPostprocessing = 0;
		};
/* End PBXResourcesBuildPhase section */

/* Begin PBXSourcesBuildPhase section */
		862BF88E26C680C50050F7DE /* Sources */ = {
			isa = PBXSourcesBuildPhase;
			buildActionMask = 2147483647;
			files = (
				862D8CC726C920C500AC6774 /* MonthBadge.swift in Sources */,
				8635D57626CB83C600B655AF /* DayIconBadge.swift in Sources */,
				862D8CD026C9411200AC6774 /* BasicDuty.swift in Sources */,
				8630E9E626C7D8E700D239AF /* RowsInOneYear.swift in Sources */,
				86B5DE0E26C7F873003D9A52 /* WorkPlanData.swift in Sources */,
				86B5DE1526C80274003D9A52 /* ListForOneYear.swift in Sources */,
				862E6E7F26CB337100B94922 /* ContentData.swift in Sources */,
				862BF89826C680C50050F7DE /* ContentView.swift in Sources */,
				8635E1A626CA062F004DBFF2 /* VacationLeave.swift in Sources */,
				862BF89626C680C50050F7DE /* MonthPayApp.swift in Sources */,
				862E6E7C26CB2EC500B94922 /* CircleBadge.swift in Sources */,
				865B6A5326C8189500BDDA3F /* ModelData.swift in Sources */,
				8635E1A026C9E28A004DBFF2 /* BagesData.swift in Sources */,
			);
			runOnlyForDeploymentPostprocessing = 0;
		};
/* End PBXSourcesBuildPhase section */

/* Begin XCBuildConfiguration section */
		862BF89F26C680C60050F7DE /* Debug */ = {
			isa = XCBuildConfiguration;
			buildSettings = {
				ALWAYS_SEARCH_USER_PATHS = NO;
				CLANG_ANALYZER_NONNULL = YES;
				CLANG_ANALYZER_NUMBER_OBJECT_CONVERSION = YES_AGGRESSIVE;
				CLANG_CXX_LANGUAGE_STANDARD = "gnu++14";
				CLANG_CXX_LIBRARY = "libc++";
				CLANG_ENABLE_MODULES = YES;
				CLANG_ENABLE_OBJC_ARC = YES;
				CLANG_ENABLE_OBJC_WEAK = YES;
				CLANG_WARN_BLOCK_CAPTURE_AUTORELEASING = YES;
				CLANG_WARN_BOOL_CONVERSION = YES;
				CLANG_WARN_COMMA = YES;
				CLANG_WARN_CONSTANT_CONVERSION = YES;
				CLANG_WARN_DEPRECATED_OBJC_IMPLEMENTATIONS = YES;
				CLANG_WARN_DIRECT_OBJC_ISA_USAGE = YES_ERROR;
				CLANG_WARN_DOCUMENTATION_COMMENTS = YES;
				CLANG_WARN_EMPTY_BODY = YES;
				CLANG_WARN_ENUM_CONVERSION = YES;
				CLANG_WARN_INFINITE_RECURSION = YES;
				CLANG_WARN_INT_CONVERSION = YES;
				CLANG_WARN_NON_LITERAL_NULL_CONVERSION = YES;
				CLANG_WARN_OBJC_IMPLICIT_RETAIN_SELF = YES;
				CLANG_WARN_OBJC_LITERAL_CONVERSION = YES;
				CLANG_WARN_OBJC_ROOT_CLASS = YES_ERROR;
				CLANG_WARN_QUOTED_INCLUDE_IN_FRAMEWORK_HEADER = YES;
				CLANG_WARN_RANGE_LOOP_ANALYSIS = YES;
				CLANG_WARN_STRICT_PROTOTYPES = YES;
				CLANG_WARN_SUSPICIOUS_MOVE = YES;
				CLANG_WARN_UNGUARDED_AVAILABILITY = YES_AGGRESSIVE;
				CLANG_WARN_UNREACHABLE_CODE = YES;
				CLANG_WARN__DUPLICATE_METHOD_MATCH = YES;
				COPY_PHASE_STRIP = NO;
				DEBUG_INFORMATION_FORMAT = dwarf;
				ENABLE_STRICT_OBJC_MSGSEND = YES;
				ENABLE_TESTABILITY = YES;
				GCC_C_LANGUAGE_STANDARD = gnu11;
				GCC_DYNAMIC_NO_PIC = NO;
				GCC_NO_COMMON_BLOCKS = YES;
				GCC_OPTIMIZATION_LEVEL = 0;
				GCC_PREPROCESSOR_DEFINITIONS = (
					"DEBUG=1",
					"$(inherited)",
				);
				GCC_WARN_64_TO_32_BIT_CONVERSION = YES;
				GCC_WARN_ABOUT_RETURN_TYPE = YES_ERROR;
				GCC_WARN_UNDECLARED_SELECTOR = YES;
				GCC_WARN_UNINITIALIZED_AUTOS = YES_AGGRESSIVE;
				GCC_WARN_UNUSED_FUNCTION = YES;
				GCC_WARN_UNUSED_VARIABLE = YES;
				IPHONEOS_DEPLOYMENT_TARGET = 14.4;
				MTL_ENABLE_DEBUG_INFO = INCLUDE_SOURCE;
				MTL_FAST_MATH = YES;
				ONLY_ACTIVE_ARCH = YES;
				SDKROOT = iphoneos;
				SWIFT_ACTIVE_COMPILATION_CONDITIONS = DEBUG;
				SWIFT_OPTIMIZATION_LEVEL = "-Onone";
			};
			name = Debug;
		};
		862BF8A026C680C60050F7DE /* Release */ = {
			isa = XCBuildConfiguration;
			buildSettings = {
				ALWAYS_SEARCH_USER_PATHS = NO;
				CLANG_ANALYZER_NONNULL = YES;
				CLANG_ANALYZER_NUMBER_OBJECT_CONVERSION = YES_AGGRESSIVE;
				CLANG_CXX_LANGUAGE_STANDARD = "gnu++14";
				CLANG_CXX_LIBRARY = "libc++";
				CLANG_ENABLE_MODULES = YES;
				CLANG_ENABLE_OBJC_ARC = YES;
				CLANG_ENABLE_OBJC_WEAK = YES;
				CLANG_WARN_BLOCK_CAPTURE_AUTORELEASING = YES;
				CLANG_WARN_BOOL_CONVERSION = YES;
				CLANG_WARN_COMMA = YES;
				CLANG_WARN_CONSTANT_CONVERSION = YES;
				CLANG_WARN_DEPRECATED_OBJC_IMPLEMENTATIONS = YES;
				CLANG_WARN_DIRECT_OBJC_ISA_USAGE = YES_ERROR;
				CLANG_WARN_DOCUMENTATION_COMMENTS = YES;
				CLANG_WARN_EMPTY_BODY = YES;
				CLANG_WARN_ENUM_CONVERSION = YES;
				CLANG_WARN_INFINITE_RECURSION = YES;
				CLANG_WARN_INT_CONVERSION = YES;
				CLANG_WARN_NON_LITERAL_NULL_CONVERSION = YES;
				CLANG_WARN_OBJC_IMPLICIT_RETAIN_SELF = YES;
				CLANG_WARN_OBJC_LITERAL_CONVERSION = YES;
				CLANG_WARN_OBJC_ROOT_CLASS = YES_ERROR;
				CLANG_WARN_QUOTED_INCLUDE_IN_FRAMEWORK_HEADER = YES;
				CLANG_WARN_RANGE_LOOP_ANALYSIS = YES;
				CLANG_WARN_STRICT_PROTOTYPES = YES;
				CLANG_WARN_SUSPICIOUS_MOVE = YES;
				CLANG_WARN_UNGUARDED_AVAILABILITY = YES_AGGRESSIVE;
				CLANG_WARN_UNREACHABLE_CODE = YES;
				CLANG_WARN__DUPLICATE_METHOD_MATCH = YES;
				COPY_PHASE_STRIP = NO;
				DEBUG_INFORMATION_FORMAT = "dwarf-with-dsym";
				ENABLE_NS_ASSERTIONS = NO;
				ENABLE_STRICT_OBJC_MSGSEND = YES;
				GCC_C_LANGUAGE_STANDARD = gnu11;
				GCC_NO_COMMON_BLOCKS = YES;
				GCC_WARN_64_TO_32_BIT_CONVERSION = YES;
				GCC_WARN_ABOUT_RETURN_TYPE = YES_ERROR;
				GCC_WARN_UNDECLARED_SELECTOR = YES;
				GCC_WARN_UNINITIALIZED_AUTOS = YES_AGGRESSIVE;
				GCC_WARN_UNUSED_FUNCTION = YES;
				GCC_WARN_UNUSED_VARIABLE = YES;
				IPHONEOS_DEPLOYMENT_TARGET = 14.4;
				MTL_ENABLE_DEBUG_INFO = NO;
				MTL_FAST_MATH = YES;
				SDKROOT = iphoneos;
				SWIFT_COMPILATION_MODE = wholemodule;
				SWIFT_OPTIMIZATION_LEVEL = "-O";
				VALIDATE_PRODUCT = YES;
			};
			name = Release;
		};
		862BF8A226C680C60050F7DE /* Debug */ = {
			isa = XCBuildConfiguration;
			buildSettings = {
				ASSETCATALOG_COMPILER_APPICON_NAME = AppIcon;
				ASSETCATALOG_COMPILER_GLOBAL_ACCENT_COLOR_NAME = AccentColor;
				CODE_SIGN_STYLE = Automatic;
				DEVELOPMENT_ASSET_PATHS = "";
				DEVELOPMENT_TEAM = KF5FK9BCXT;
				ENABLE_PREVIEWS = YES;
				INFOPLIST_FILE = Info.plist;
				IPHONEOS_DEPLOYMENT_TARGET = 14.0;
				LD_RUNPATH_SEARCH_PATHS = (
					"$(inherited)",
					"@executable_path/Frameworks",
				);
				PRODUCT_BUNDLE_IDENTIFIER = "detacl73-gmail.com.MonthPay";
				PRODUCT_NAME = "$(TARGET_NAME)";
				SWIFT_VERSION = 5.0;
				TARGETED_DEVICE_FAMILY = "1,2";
			};
			name = Debug;
		};
		862BF8A326C680C60050F7DE /* Release */ = {
			isa = XCBuildConfiguration;
			buildSettings = {
				ASSETCATALOG_COMPILER_APPICON_NAME = AppIcon;
				ASSETCATALOG_COMPILER_GLOBAL_ACCENT_COLOR_NAME = AccentColor;
				CODE_SIGN_STYLE = Automatic;
				DEVELOPMENT_ASSET_PATHS = "";
				DEVELOPMENT_TEAM = KF5FK9BCXT;
				ENABLE_PREVIEWS = YES;
				INFOPLIST_FILE = Info.plist;
				IPHONEOS_DEPLOYMENT_TARGET = 14.0;
				LD_RUNPATH_SEARCH_PATHS = (
					"$(inherited)",
					"@executable_path/Frameworks",
				);
				PRODUCT_BUNDLE_IDENTIFIER = "detacl73-gmail.com.MonthPay";
				PRODUCT_NAME = "$(TARGET_NAME)";
				SWIFT_VERSION = 5.0;
				TARGETED_DEVICE_FAMILY = "1,2";
			};
			name = Release;
		};
/* End XCBuildConfiguration section */

/* Begin XCConfigurationList section */
		862BF88D26C680C50050F7DE /* Build configuration list for PBXProject "MonthPay" */ = {
			isa = XCConfigurationList;
			buildConfigurations = (
				862BF89F26C680C60050F7DE /* Debug */,
				862BF8A026C680C60050F7DE /* Release */,
			);
			defaultConfigurationIsVisible = 0;
			defaultConfigurationName = Release;
		};
		862BF8A126C680C60050F7DE /* Build configuration list for PBXNativeTarget "MonthPay" */ = {
			isa = XCConfigurationList;
			buildConfigurations = (
				862BF8A226C680C60050F7DE /* Debug */,
				862BF8A326C680C60050F7DE /* Release */,
			);
			defaultConfigurationIsVisible = 0;
			defaultConfigurationName = Release;
		};
/* End XCConfigurationList section */
	};
	rootObject = 862BF88A26C680C50050F7DE /* Project object */;
}
